// !$*UTF8*$!
{
	archiveVersion = 1;
	classes = {
	};
	objectVersion = 46;
	objects = {

/* Begin PBXBuildFile section */
		3A8C9D8EA3C60E6F717C874F /* Pods_MackPool.framework in Frameworks */ = {isa = PBXBuildFile; fileRef = 39A4B92FC51DAEDF83B3F1BF /* Pods_MackPool.framework */; };
		590093591EC0CBA5005A2FAF /* JoinTableViewController.swift in Sources */ = {isa = PBXBuildFile; fileRef = 590093581EC0CBA5005A2FAF /* JoinTableViewController.swift */; };
		599568611EBA48DD007CFB73 /* GoogleService-Info.plist in Resources */ = {isa = PBXBuildFile; fileRef = 599568601EBA48DD007CFB73 /* GoogleService-Info.plist */; };
		599568651EBA4996007CFB73 /* Group.swift in Sources */ = {isa = PBXBuildFile; fileRef = 599568621EBA4996007CFB73 /* Group.swift */; };
		599568661EBA4996007CFB73 /* Rota.swift in Sources */ = {isa = PBXBuildFile; fileRef = 599568631EBA4996007CFB73 /* Rota.swift */; };
		599568671EBA4996007CFB73 /* Usuario.swift in Sources */ = {isa = PBXBuildFile; fileRef = 599568641EBA4996007CFB73 /* Usuario.swift */; };
		5995686A1EBA49E9007CFB73 /* FirebaseController.swift in Sources */ = {isa = PBXBuildFile; fileRef = 599568691EBA49E9007CFB73 /* FirebaseController.swift */; };
		5995686C1EBA4A11007CFB73 /* MeioTransporte.swift in Sources */ = {isa = PBXBuildFile; fileRef = 5995686B1EBA4A11007CFB73 /* MeioTransporte.swift */; };
		5995686E1EBA8C62007CFB73 /* Cadastro.storyboard in Resources */ = {isa = PBXBuildFile; fileRef = 5995686D1EBA8C62007CFB73 /* Cadastro.storyboard */; };
		599568701EBA8D6A007CFB73 /* CadatroViewController.swift in Sources */ = {isa = PBXBuildFile; fileRef = 5995686F1EBA8D6A007CFB73 /* CadatroViewController.swift */; };
		599568721EBA91AA007CFB73 /* Utils.swift in Sources */ = {isa = PBXBuildFile; fileRef = 599568711EBA91AA007CFB73 /* Utils.swift */; };
		59AC1CED1EBBBB70005B1879 /* LoginViewController.swift in Sources */ = {isa = PBXBuildFile; fileRef = 59AC1CEC1EBBBB70005B1879 /* LoginViewController.swift */; };
		59D6C3DC1EBEAF130016BC0F /* DetailsTableViewController.swift in Sources */ = {isa = PBXBuildFile; fileRef = 59D6C3DB1EBEAF130016BC0F /* DetailsTableViewController.swift */; };
		59D6C3DE1EBED04B0016BC0F /* PoolTableViewCell.swift in Sources */ = {isa = PBXBuildFile; fileRef = 59D6C3DD1EBED04B0016BC0F /* PoolTableViewCell.swift */; };
		650E52921EB7B40C00A0D981 /* PageViewController.swift in Sources */ = {isa = PBXBuildFile; fileRef = 650E52911EB7B40C00A0D981 /* PageViewController.swift */; };
		650E52981EB7DDB200A0D981 /* ViewController.swift in Sources */ = {isa = PBXBuildFile; fileRef = 650E52971EB7DDB200A0D981 /* ViewController.swift */; };
		6515DA9E1EBB6E0900CA28DD /* Home.storyboard in Resources */ = {isa = PBXBuildFile; fileRef = 6515DA9D1EBB6E0900CA28DD /* Home.storyboard */; };
		6515DAAA1EBB74A100CA28DD /* HomeTableViewController.swift in Sources */ = {isa = PBXBuildFile; fileRef = 6515DAA91EBB74A100CA28DD /* HomeTableViewController.swift */; };
		6515DAAF1EBB76B000CA28DD /* Profile.storyboard in Resources */ = {isa = PBXBuildFile; fileRef = 6515DAAE1EBB76B000CA28DD /* Profile.storyboard */; };
		6515DAB31EBB9D1B00CA28DD /* Extensions.swift in Sources */ = {isa = PBXBuildFile; fileRef = 6515DAB21EBB9D1B00CA28DD /* Extensions.swift */; };
		652FB1291EBBD46A00DCF8C3 /* MapViewController.swift in Sources */ = {isa = PBXBuildFile; fileRef = 652FB1281EBBD46A00DCF8C3 /* MapViewController.swift */; };
		65419F351EBA58F10000B66B /* Customization.swift in Sources */ = {isa = PBXBuildFile; fileRef = 65419F341EBA58F10000B66B /* Customization.swift */; };
		656AF8A81EBE2B1E00D03E1E /* EmailMackenzistaViewController.swift in Sources */ = {isa = PBXBuildFile; fileRef = 656AF8A71EBE2B1E00D03E1E /* EmailMackenzistaViewController.swift */; };
		657714571EB139F7003AD62C /* AppDelegate.swift in Sources */ = {isa = PBXBuildFile; fileRef = 657714561EB139F7003AD62C /* AppDelegate.swift */; };
		6577145C1EB139F7003AD62C /* Main.storyboard in Resources */ = {isa = PBXBuildFile; fileRef = 6577145A1EB139F7003AD62C /* Main.storyboard */; };
		6577145E1EB139F7003AD62C /* Assets.xcassets in Resources */ = {isa = PBXBuildFile; fileRef = 6577145D1EB139F7003AD62C /* Assets.xcassets */; };
		657714611EB139F7003AD62C /* LaunchScreen.storyboard in Resources */ = {isa = PBXBuildFile; fileRef = 6577145F1EB139F7003AD62C /* LaunchScreen.storyboard */; };
		6577146C1EB139F7003AD62C /* MackPoolTests.swift in Sources */ = {isa = PBXBuildFile; fileRef = 6577146B1EB139F7003AD62C /* MackPoolTests.swift */; };
		657714771EB139F7003AD62C /* MackPoolUITests.swift in Sources */ = {isa = PBXBuildFile; fileRef = 657714761EB139F7003AD62C /* MackPoolUITests.swift */; };
		65B7BB9E1EC113B900565C72 /* ContainerViewContollerViewController.swift in Sources */ = {isa = PBXBuildFile; fileRef = 65B7BB9D1EC113B900565C72 /* ContainerViewContollerViewController.swift */; };
		65D157EC1EBE7F9100EB8050 /* RegisterViewController.swift in Sources */ = {isa = PBXBuildFile; fileRef = 65D157EB1EBE7F9100EB8050 /* RegisterViewController.swift */; };
		65D157EE1EBFF89100EB8050 /* ProfileInfoTableViewController.swift in Sources */ = {isa = PBXBuildFile; fileRef = 65D157ED1EBFF89100EB8050 /* ProfileInfoTableViewController.swift */; };
		65D157F01EBFFFA200EB8050 /* Functions.swift in Sources */ = {isa = PBXBuildFile; fileRef = 65D157EF1EBFFFA200EB8050 /* Functions.swift */; };
		65D157F21EC0BA4A00EB8050 /* CreatePoolTableViewController.swift in Sources */ = {isa = PBXBuildFile; fileRef = 65D157F11EC0BA4A00EB8050 /* CreatePoolTableViewController.swift */; };
		65D157F41EC0BACD00EB8050 /* MeetingPointViewController.swift in Sources */ = {isa = PBXBuildFile; fileRef = 65D157F31EC0BACD00EB8050 /* MeetingPointViewController.swift */; };
		65D3A68E1EBBDB8100E4D390 /* MyPoolsTableViewController.swift in Sources */ = {isa = PBXBuildFile; fileRef = 65D3A68D1EBBDB8100E4D390 /* MyPoolsTableViewController.swift */; };
		65D6EEBC1EBBE7B100658A2E /* Pool.storyboard in Resources */ = {isa = PBXBuildFile; fileRef = 65D6EEBB1EBBE7B100658A2E /* Pool.storyboard */; };
		65D6EEBE1EBBE87B00658A2E /* ProfileViewController.swift in Sources */ = {isa = PBXBuildFile; fileRef = 65D6EEBD1EBBE87B00658A2E /* ProfileViewController.swift */; };
		65D6EEC01EBC9BE900658A2E /* ForgotPasswordViewController.swift in Sources */ = {isa = PBXBuildFile; fileRef = 65D6EEBF1EBC9BE900658A2E /* ForgotPasswordViewController.swift */; };
		65DDC1BF1EBF53B600BEC347 /* FilterTableViewController.swift in Sources */ = {isa = PBXBuildFile; fileRef = 65DDC1BE1EBF53B600BEC347 /* FilterTableViewController.swift */; };
		65FD4FC31EBA46A000E1E7FA /* LoveYaLikeASister.ttf in Resources */ = {isa = PBXBuildFile; fileRef = 65FD4FC21EBA46A000E1E7FA /* LoveYaLikeASister.ttf */; };
/* End PBXBuildFile section */

/* Begin PBXContainerItemProxy section */
		657714681EB139F7003AD62C /* PBXContainerItemProxy */ = {
			isa = PBXContainerItemProxy;
			containerPortal = 6577144B1EB139F6003AD62C /* Project object */;
			proxyType = 1;
			remoteGlobalIDString = 657714521EB139F6003AD62C;
			remoteInfo = MackPool;
		};
		657714731EB139F7003AD62C /* PBXContainerItemProxy */ = {
			isa = PBXContainerItemProxy;
			containerPortal = 6577144B1EB139F6003AD62C /* Project object */;
			proxyType = 1;
			remoteGlobalIDString = 657714521EB139F6003AD62C;
			remoteInfo = MackPool;
		};
/* End PBXContainerItemProxy section */

/* Begin PBXFileReference section */
		39A4B92FC51DAEDF83B3F1BF /* Pods_MackPool.framework */ = {isa = PBXFileReference; explicitFileType = wrapper.framework; includeInIndex = 0; path = Pods_MackPool.framework; sourceTree = BUILT_PRODUCTS_DIR; };
		3DA51E83F665A40C8A0C616E /* Pods-MackPool.release.xcconfig */ = {isa = PBXFileReference; includeInIndex = 1; lastKnownFileType = text.xcconfig; name = "Pods-MackPool.release.xcconfig"; path = "Pods/Target Support Files/Pods-MackPool/Pods-MackPool.release.xcconfig"; sourceTree = "<group>"; };
		590093581EC0CBA5005A2FAF /* JoinTableViewController.swift */ = {isa = PBXFileReference; fileEncoding = 4; lastKnownFileType = sourcecode.swift; path = JoinTableViewController.swift; sourceTree = "<group>"; };
		599568601EBA48DD007CFB73 /* GoogleService-Info.plist */ = {isa = PBXFileReference; fileEncoding = 4; lastKnownFileType = text.plist.xml; name = "GoogleService-Info.plist"; path = "../GoogleService-Info.plist"; sourceTree = "<group>"; };
		599568621EBA4996007CFB73 /* Group.swift */ = {isa = PBXFileReference; fileEncoding = 4; lastKnownFileType = sourcecode.swift; path = Group.swift; sourceTree = "<group>"; };
		599568631EBA4996007CFB73 /* Rota.swift */ = {isa = PBXFileReference; fileEncoding = 4; lastKnownFileType = sourcecode.swift; path = Rota.swift; sourceTree = "<group>"; };
		599568641EBA4996007CFB73 /* Usuario.swift */ = {isa = PBXFileReference; fileEncoding = 4; lastKnownFileType = sourcecode.swift; path = Usuario.swift; sourceTree = "<group>"; };
		599568691EBA49E9007CFB73 /* FirebaseController.swift */ = {isa = PBXFileReference; fileEncoding = 4; lastKnownFileType = sourcecode.swift; path = FirebaseController.swift; sourceTree = "<group>"; };
		5995686B1EBA4A11007CFB73 /* MeioTransporte.swift */ = {isa = PBXFileReference; fileEncoding = 4; lastKnownFileType = sourcecode.swift; path = MeioTransporte.swift; sourceTree = "<group>"; };
		5995686D1EBA8C62007CFB73 /* Cadastro.storyboard */ = {isa = PBXFileReference; fileEncoding = 4; lastKnownFileType = file.storyboard; path = Cadastro.storyboard; sourceTree = "<group>"; };
		5995686F1EBA8D6A007CFB73 /* CadatroViewController.swift */ = {isa = PBXFileReference; fileEncoding = 4; lastKnownFileType = sourcecode.swift; path = CadatroViewController.swift; sourceTree = "<group>"; };
		599568711EBA91AA007CFB73 /* Utils.swift */ = {isa = PBXFileReference; fileEncoding = 4; lastKnownFileType = sourcecode.swift; path = Utils.swift; sourceTree = "<group>"; };
		59AC1CEC1EBBBB70005B1879 /* LoginViewController.swift */ = {isa = PBXFileReference; fileEncoding = 4; lastKnownFileType = sourcecode.swift; path = LoginViewController.swift; sourceTree = "<group>"; };
		59D6C3DB1EBEAF130016BC0F /* DetailsTableViewController.swift */ = {isa = PBXFileReference; fileEncoding = 4; lastKnownFileType = sourcecode.swift; path = DetailsTableViewController.swift; sourceTree = "<group>"; };
		59D6C3DD1EBED04B0016BC0F /* PoolTableViewCell.swift */ = {isa = PBXFileReference; fileEncoding = 4; lastKnownFileType = sourcecode.swift; path = PoolTableViewCell.swift; sourceTree = "<group>"; };
		650E52911EB7B40C00A0D981 /* PageViewController.swift */ = {isa = PBXFileReference; fileEncoding = 4; lastKnownFileType = sourcecode.swift; name = PageViewController.swift; path = ../PageViewController.swift; sourceTree = "<group>"; };
		650E52971EB7DDB200A0D981 /* ViewController.swift */ = {isa = PBXFileReference; fileEncoding = 4; lastKnownFileType = sourcecode.swift; path = ViewController.swift; sourceTree = "<group>"; };
		6515DA9D1EBB6E0900CA28DD /* Home.storyboard */ = {isa = PBXFileReference; fileEncoding = 4; lastKnownFileType = file.storyboard; path = Home.storyboard; sourceTree = "<group>"; };
		6515DAA91EBB74A100CA28DD /* HomeTableViewController.swift */ = {isa = PBXFileReference; fileEncoding = 4; lastKnownFileType = sourcecode.swift; path = HomeTableViewController.swift; sourceTree = "<group>"; };
		6515DAAE1EBB76B000CA28DD /* Profile.storyboard */ = {isa = PBXFileReference; fileEncoding = 4; lastKnownFileType = file.storyboard; path = Profile.storyboard; sourceTree = "<group>"; };
		6515DAB21EBB9D1B00CA28DD /* Extensions.swift */ = {isa = PBXFileReference; fileEncoding = 4; lastKnownFileType = sourcecode.swift; path = Extensions.swift; sourceTree = "<group>"; };
		652FB1281EBBD46A00DCF8C3 /* MapViewController.swift */ = {isa = PBXFileReference; fileEncoding = 4; lastKnownFileType = sourcecode.swift; path = MapViewController.swift; sourceTree = "<group>"; };
		65419F341EBA58F10000B66B /* Customization.swift */ = {isa = PBXFileReference; fileEncoding = 4; lastKnownFileType = sourcecode.swift; path = Customization.swift; sourceTree = "<group>"; };
		656AF8A71EBE2B1E00D03E1E /* EmailMackenzistaViewController.swift */ = {isa = PBXFileReference; fileEncoding = 4; lastKnownFileType = sourcecode.swift; path = EmailMackenzistaViewController.swift; sourceTree = "<group>"; };
		657714531EB139F7003AD62C /* MackPool.app */ = {isa = PBXFileReference; explicitFileType = wrapper.application; includeInIndex = 0; path = MackPool.app; sourceTree = BUILT_PRODUCTS_DIR; };
		657714561EB139F7003AD62C /* AppDelegate.swift */ = {isa = PBXFileReference; lastKnownFileType = sourcecode.swift; path = AppDelegate.swift; sourceTree = "<group>"; };
		6577145B1EB139F7003AD62C /* Base */ = {isa = PBXFileReference; lastKnownFileType = file.storyboard; name = Base; path = Base.lproj/Main.storyboard; sourceTree = "<group>"; };
		6577145D1EB139F7003AD62C /* Assets.xcassets */ = {isa = PBXFileReference; lastKnownFileType = folder.assetcatalog; path = Assets.xcassets; sourceTree = "<group>"; };
		657714601EB139F7003AD62C /* Base */ = {isa = PBXFileReference; lastKnownFileType = file.storyboard; name = Base; path = Base.lproj/LaunchScreen.storyboard; sourceTree = "<group>"; };
		657714621EB139F7003AD62C /* Info.plist */ = {isa = PBXFileReference; lastKnownFileType = text.plist.xml; path = Info.plist; sourceTree = "<group>"; };
		657714671EB139F7003AD62C /* MackPoolTests.xctest */ = {isa = PBXFileReference; explicitFileType = wrapper.cfbundle; includeInIndex = 0; path = MackPoolTests.xctest; sourceTree = BUILT_PRODUCTS_DIR; };
		6577146B1EB139F7003AD62C /* MackPoolTests.swift */ = {isa = PBXFileReference; lastKnownFileType = sourcecode.swift; path = MackPoolTests.swift; sourceTree = "<group>"; };
		6577146D1EB139F7003AD62C /* Info.plist */ = {isa = PBXFileReference; lastKnownFileType = text.plist.xml; path = Info.plist; sourceTree = "<group>"; };
		657714721EB139F7003AD62C /* MackPoolUITests.xctest */ = {isa = PBXFileReference; explicitFileType = wrapper.cfbundle; includeInIndex = 0; path = MackPoolUITests.xctest; sourceTree = BUILT_PRODUCTS_DIR; };
		657714761EB139F7003AD62C /* MackPoolUITests.swift */ = {isa = PBXFileReference; lastKnownFileType = sourcecode.swift; path = MackPoolUITests.swift; sourceTree = "<group>"; };
		657714781EB139F7003AD62C /* Info.plist */ = {isa = PBXFileReference; lastKnownFileType = text.plist.xml; path = Info.plist; sourceTree = "<group>"; };
		65B7BB9D1EC113B900565C72 /* ContainerViewContollerViewController.swift */ = {isa = PBXFileReference; fileEncoding = 4; lastKnownFileType = sourcecode.swift; path = ContainerViewContollerViewController.swift; sourceTree = "<group>"; };
		65D157EB1EBE7F9100EB8050 /* RegisterViewController.swift */ = {isa = PBXFileReference; fileEncoding = 4; lastKnownFileType = sourcecode.swift; path = RegisterViewController.swift; sourceTree = "<group>"; };
		65D157ED1EBFF89100EB8050 /* ProfileInfoTableViewController.swift */ = {isa = PBXFileReference; fileEncoding = 4; lastKnownFileType = sourcecode.swift; path = ProfileInfoTableViewController.swift; sourceTree = "<group>"; };
		65D157EF1EBFFFA200EB8050 /* Functions.swift */ = {isa = PBXFileReference; fileEncoding = 4; lastKnownFileType = sourcecode.swift; path = Functions.swift; sourceTree = "<group>"; };
		65D157F11EC0BA4A00EB8050 /* CreatePoolTableViewController.swift */ = {isa = PBXFileReference; fileEncoding = 4; lastKnownFileType = sourcecode.swift; path = CreatePoolTableViewController.swift; sourceTree = "<group>"; };
		65D157F31EC0BACD00EB8050 /* MeetingPointViewController.swift */ = {isa = PBXFileReference; fileEncoding = 4; lastKnownFileType = sourcecode.swift; path = MeetingPointViewController.swift; sourceTree = "<group>"; };
		65D3A68D1EBBDB8100E4D390 /* MyPoolsTableViewController.swift */ = {isa = PBXFileReference; fileEncoding = 4; lastKnownFileType = sourcecode.swift; path = MyPoolsTableViewController.swift; sourceTree = "<group>"; };
		65D6EEBB1EBBE7B100658A2E /* Pool.storyboard */ = {isa = PBXFileReference; fileEncoding = 4; lastKnownFileType = file.storyboard; path = Pool.storyboard; sourceTree = "<group>"; };
		65D6EEBD1EBBE87B00658A2E /* ProfileViewController.swift */ = {isa = PBXFileReference; fileEncoding = 4; lastKnownFileType = sourcecode.swift; path = ProfileViewController.swift; sourceTree = "<group>"; };
		65D6EEBF1EBC9BE900658A2E /* ForgotPasswordViewController.swift */ = {isa = PBXFileReference; fileEncoding = 4; lastKnownFileType = sourcecode.swift; path = ForgotPasswordViewController.swift; sourceTree = "<group>"; };
		65DDC1BE1EBF53B600BEC347 /* FilterTableViewController.swift */ = {isa = PBXFileReference; fileEncoding = 4; lastKnownFileType = sourcecode.swift; path = FilterTableViewController.swift; sourceTree = "<group>"; };
		65FD4FC21EBA46A000E1E7FA /* LoveYaLikeASister.ttf */ = {isa = PBXFileReference; lastKnownFileType = file; path = LoveYaLikeASister.ttf; sourceTree = "<group>"; };
		FECBC8F5DC54462748EED90A /* Pods-MackPool.debug.xcconfig */ = {isa = PBXFileReference; includeInIndex = 1; lastKnownFileType = text.xcconfig; name = "Pods-MackPool.debug.xcconfig"; path = "Pods/Target Support Files/Pods-MackPool/Pods-MackPool.debug.xcconfig"; sourceTree = "<group>"; };
/* End PBXFileReference section */

/* Begin PBXFrameworksBuildPhase section */
		657714501EB139F6003AD62C /* Frameworks */ = {
			isa = PBXFrameworksBuildPhase;
			buildActionMask = 2147483647;
			files = (
				3A8C9D8EA3C60E6F717C874F /* Pods_MackPool.framework in Frameworks */,
			);
			runOnlyForDeploymentPostprocessing = 0;
		};
		657714641EB139F7003AD62C /* Frameworks */ = {
			isa = PBXFrameworksBuildPhase;
			buildActionMask = 2147483647;
			files = (
			);
			runOnlyForDeploymentPostprocessing = 0;
		};
		6577146F1EB139F7003AD62C /* Frameworks */ = {
			isa = PBXFrameworksBuildPhase;
			buildActionMask = 2147483647;
			files = (
			);
			runOnlyForDeploymentPostprocessing = 0;
		};
/* End PBXFrameworksBuildPhase section */

/* Begin PBXGroup section */
		1399CF7B06089C7EB706254A /* Frameworks */ = {
			isa = PBXGroup;
			children = (
				39A4B92FC51DAEDF83B3F1BF /* Pods_MackPool.framework */,
			);
			name = Frameworks;
			sourceTree = "<group>";
		};
		599568681EBA499C007CFB73 /* Model */ = {
			isa = PBXGroup;
			children = (
				599568691EBA49E9007CFB73 /* FirebaseController.swift */,
				59D6C3DD1EBED04B0016BC0F /* PoolTableViewCell.swift */,
				599568621EBA4996007CFB73 /* Group.swift */,
				599568631EBA4996007CFB73 /* Rota.swift */,
				5995686B1EBA4A11007CFB73 /* MeioTransporte.swift */,
				599568641EBA4996007CFB73 /* Usuario.swift */,
				599568711EBA91AA007CFB73 /* Utils.swift */,
			);
			name = Model;
			sourceTree = "<group>";
		};
		6515DA991EBABBE400CA28DD /* View */ = {
			isa = PBXGroup;
			children = (
				65DDC1BE1EBF53B600BEC347 /* FilterTableViewController.swift */,
				652FB1281EBBD46A00DCF8C3 /* MapViewController.swift */,
				65D3A68D1EBBDB8100E4D390 /* MyPoolsTableViewController.swift */,
				59D6C3DB1EBEAF130016BC0F /* DetailsTableViewController.swift */,
				650E52911EB7B40C00A0D981 /* PageViewController.swift */,
				65D6EEBD1EBBE87B00658A2E /* ProfileViewController.swift */,
				65D157ED1EBFF89100EB8050 /* ProfileInfoTableViewController.swift */,
				6515DAA91EBB74A100CA28DD /* HomeTableViewController.swift */,
				650E52971EB7DDB200A0D981 /* ViewController.swift */,
				59AC1CEC1EBBBB70005B1879 /* LoginViewController.swift */,
				65D6EEBF1EBC9BE900658A2E /* ForgotPasswordViewController.swift */,
				656AF8A71EBE2B1E00D03E1E /* EmailMackenzistaViewController.swift */,
				5995686F1EBA8D6A007CFB73 /* CadatroViewController.swift */,
				65D157F11EC0BA4A00EB8050 /* CreatePoolTableViewController.swift */,
				65D157F31EC0BACD00EB8050 /* MeetingPointViewController.swift */,
				590093581EC0CBA5005A2FAF /* JoinTableViewController.swift */,
				6515DAB21EBB9D1B00CA28DD /* Extensions.swift */,
				65D157EF1EBFFFA200EB8050 /* Functions.swift */,
				65B7BB9D1EC113B900565C72 /* ContainerViewContollerViewController.swift */,
			);
			name = View;
			sourceTree = "<group>";
		};
		6515DA9F1EBB6E1900CA28DD /* Storyboards */ = {
			isa = PBXGroup;
			children = (
				6577145A1EB139F7003AD62C /* Main.storyboard */,
				65D6EEBB1EBBE7B100658A2E /* Pool.storyboard */,
				6515DAAE1EBB76B000CA28DD /* Profile.storyboard */,
				6515DA9D1EBB6E0900CA28DD /* Home.storyboard */,
				5995686D1EBA8C62007CFB73 /* Cadastro.storyboard */,
				6577145F1EB139F7003AD62C /* LaunchScreen.storyboard */,
			);
			name = Storyboards;
			sourceTree = "<group>";
		};
		6577144A1EB139F6003AD62C = {
			isa = PBXGroup;
			children = (
				657714551EB139F7003AD62C /* MackPool */,
				6577146A1EB139F7003AD62C /* MackPoolTests */,
				657714751EB139F7003AD62C /* MackPoolUITests */,
				657714541EB139F7003AD62C /* Products */,
				F52E55FCE107B810B4DA5879 /* Pods */,
				1399CF7B06089C7EB706254A /* Frameworks */,
			);
			sourceTree = "<group>";
		};
		657714541EB139F7003AD62C /* Products */ = {
			isa = PBXGroup;
			children = (
				657714531EB139F7003AD62C /* MackPool.app */,
				657714671EB139F7003AD62C /* MackPoolTests.xctest */,
				657714721EB139F7003AD62C /* MackPoolUITests.xctest */,
			);
			name = Products;
			sourceTree = "<group>";
		};
		657714551EB139F7003AD62C /* MackPool */ = {
			isa = PBXGroup;
			children = (
				6515DA9F1EBB6E1900CA28DD /* Storyboards */,
				6515DA991EBABBE400CA28DD /* View */,
				65D157EB1EBE7F9100EB8050 /* RegisterViewController.swift */,
				65BBA12D1EBA222900674B30 /* Resources */,
				599568601EBA48DD007CFB73 /* GoogleService-Info.plist */,
				657714561EB139F7003AD62C /* AppDelegate.swift */,
				65419F341EBA58F10000B66B /* Customization.swift */,
				6577145D1EB139F7003AD62C /* Assets.xcassets */,
				657714621EB139F7003AD62C /* Info.plist */,
				599568681EBA499C007CFB73 /* Model */,
			);
			path = MackPool;
			sourceTree = "<group>";
		};
		6577146A1EB139F7003AD62C /* MackPoolTests */ = {
			isa = PBXGroup;
			children = (
				6577146B1EB139F7003AD62C /* MackPoolTests.swift */,
				6577146D1EB139F7003AD62C /* Info.plist */,
			);
			path = MackPoolTests;
			sourceTree = "<group>";
		};
		657714751EB139F7003AD62C /* MackPoolUITests */ = {
			isa = PBXGroup;
			children = (
				657714761EB139F7003AD62C /* MackPoolUITests.swift */,
				657714781EB139F7003AD62C /* Info.plist */,
			);
			path = MackPoolUITests;
			sourceTree = "<group>";
		};
		65BBA12D1EBA222900674B30 /* Resources */ = {
			isa = PBXGroup;
			children = (
				65FD4FC21EBA46A000E1E7FA /* LoveYaLikeASister.ttf */,
			);
			name = Resources;
			sourceTree = "<group>";
		};
		F52E55FCE107B810B4DA5879 /* Pods */ = {
			isa = PBXGroup;
			children = (
				FECBC8F5DC54462748EED90A /* Pods-MackPool.debug.xcconfig */,
				3DA51E83F665A40C8A0C616E /* Pods-MackPool.release.xcconfig */,
			);
			name = Pods;
			sourceTree = "<group>";
		};
/* End PBXGroup section */

/* Begin PBXNativeTarget section */
		657714521EB139F6003AD62C /* MackPool */ = {
			isa = PBXNativeTarget;
			buildConfigurationList = 6577147B1EB139F7003AD62C /* Build configuration list for PBXNativeTarget "MackPool" */;
			buildPhases = (
				AD585A003EFF45D82C60481E /* [CP] Check Pods Manifest.lock */,
				6577144F1EB139F6003AD62C /* Sources */,
				657714501EB139F6003AD62C /* Frameworks */,
				657714511EB139F6003AD62C /* Resources */,
				A604FC2CE6E6F9DF49840D90 /* [CP] Embed Pods Frameworks */,
				69E7486D13D89A13849F5B0A /* [CP] Copy Pods Resources */,
			);
			buildRules = (
			);
			dependencies = (
			);
			name = MackPool;
			productName = MackPool;
			productReference = 657714531EB139F7003AD62C /* MackPool.app */;
			productType = "com.apple.product-type.application";
		};
		657714661EB139F7003AD62C /* MackPoolTests */ = {
			isa = PBXNativeTarget;
			buildConfigurationList = 6577147E1EB139F7003AD62C /* Build configuration list for PBXNativeTarget "MackPoolTests" */;
			buildPhases = (
				657714631EB139F7003AD62C /* Sources */,
				657714641EB139F7003AD62C /* Frameworks */,
				657714651EB139F7003AD62C /* Resources */,
			);
			buildRules = (
			);
			dependencies = (
				657714691EB139F7003AD62C /* PBXTargetDependency */,
			);
			name = MackPoolTests;
			productName = MackPoolTests;
			productReference = 657714671EB139F7003AD62C /* MackPoolTests.xctest */;
			productType = "com.apple.product-type.bundle.unit-test";
		};
		657714711EB139F7003AD62C /* MackPoolUITests */ = {
			isa = PBXNativeTarget;
			buildConfigurationList = 657714811EB139F7003AD62C /* Build configuration list for PBXNativeTarget "MackPoolUITests" */;
			buildPhases = (
				6577146E1EB139F7003AD62C /* Sources */,
				6577146F1EB139F7003AD62C /* Frameworks */,
				657714701EB139F7003AD62C /* Resources */,
			);
			buildRules = (
			);
			dependencies = (
				657714741EB139F7003AD62C /* PBXTargetDependency */,
			);
			name = MackPoolUITests;
			productName = MackPoolUITests;
			productReference = 657714721EB139F7003AD62C /* MackPoolUITests.xctest */;
			productType = "com.apple.product-type.bundle.ui-testing";
		};
/* End PBXNativeTarget section */

/* Begin PBXProject section */
		6577144B1EB139F6003AD62C /* Project object */ = {
			isa = PBXProject;
			attributes = {
				LastSwiftUpdateCheck = 0830;
				LastUpgradeCheck = 0830;
				ORGANIZATIONNAME = "Piera Marchesini";
				TargetAttributes = {
					657714521EB139F6003AD62C = {
						CreatedOnToolsVersion = 8.3;
						DevelopmentTeam = 8G633XVRJD;
						ProvisioningStyle = Automatic;
					};
					657714661EB139F7003AD62C = {
						CreatedOnToolsVersion = 8.3;
						DevelopmentTeam = 8Q8A65W24Q;
						ProvisioningStyle = Automatic;
						TestTargetID = 657714521EB139F6003AD62C;
					};
					657714711EB139F7003AD62C = {
						CreatedOnToolsVersion = 8.3;
						DevelopmentTeam = 8Q8A65W24Q;
						ProvisioningStyle = Automatic;
						TestTargetID = 657714521EB139F6003AD62C;
					};
				};
			};
			buildConfigurationList = 6577144E1EB139F6003AD62C /* Build configuration list for PBXProject "MackPool" */;
			compatibilityVersion = "Xcode 3.2";
			developmentRegion = English;
			hasScannedForEncodings = 0;
			knownRegions = (
				en,
				Base,
			);
			mainGroup = 6577144A1EB139F6003AD62C;
			productRefGroup = 657714541EB139F7003AD62C /* Products */;
			projectDirPath = "";
			projectRoot = "";
			targets = (
				657714521EB139F6003AD62C /* MackPool */,
				657714661EB139F7003AD62C /* MackPoolTests */,
				657714711EB139F7003AD62C /* MackPoolUITests */,
			);
		};
/* End PBXProject section */

/* Begin PBXResourcesBuildPhase section */
		657714511EB139F6003AD62C /* Resources */ = {
			isa = PBXResourcesBuildPhase;
			buildActionMask = 2147483647;
			files = (
				657714611EB139F7003AD62C /* LaunchScreen.storyboard in Resources */,
				65FD4FC31EBA46A000E1E7FA /* LoveYaLikeASister.ttf in Resources */,
				599568611EBA48DD007CFB73 /* GoogleService-Info.plist in Resources */,
				6577145E1EB139F7003AD62C /* Assets.xcassets in Resources */,
				65D6EEBC1EBBE7B100658A2E /* Pool.storyboard in Resources */,
				6577145C1EB139F7003AD62C /* Main.storyboard in Resources */,
				6515DAAF1EBB76B000CA28DD /* Profile.storyboard in Resources */,
				5995686E1EBA8C62007CFB73 /* Cadastro.storyboard in Resources */,
				6515DA9E1EBB6E0900CA28DD /* Home.storyboard in Resources */,
			);
			runOnlyForDeploymentPostprocessing = 0;
		};
		657714651EB139F7003AD62C /* Resources */ = {
			isa = PBXResourcesBuildPhase;
			buildActionMask = 2147483647;
			files = (
			);
			runOnlyForDeploymentPostprocessing = 0;
		};
		657714701EB139F7003AD62C /* Resources */ = {
			isa = PBXResourcesBuildPhase;
			buildActionMask = 2147483647;
			files = (
			);
			runOnlyForDeploymentPostprocessing = 0;
		};
/* End PBXResourcesBuildPhase section */

/* Begin PBXShellScriptBuildPhase section */
		69E7486D13D89A13849F5B0A /* [CP] Copy Pods Resources */ = {
			isa = PBXShellScriptBuildPhase;
			buildActionMask = 2147483647;
			files = (
			);
			inputPaths = (
			);
			name = "[CP] Copy Pods Resources";
			outputPaths = (
			);
			runOnlyForDeploymentPostprocessing = 0;
			shellPath = /bin/sh;
			shellScript = "\"${SRCROOT}/Pods/Target Support Files/Pods-MackPool/Pods-MackPool-resources.sh\"\n";
			showEnvVarsInLog = 0;
		};
		A604FC2CE6E6F9DF49840D90 /* [CP] Embed Pods Frameworks */ = {
			isa = PBXShellScriptBuildPhase;
			buildActionMask = 2147483647;
			files = (
			);
			inputPaths = (
			);
			name = "[CP] Embed Pods Frameworks";
			outputPaths = (
			);
			runOnlyForDeploymentPostprocessing = 0;
			shellPath = /bin/sh;
			shellScript = "\"${SRCROOT}/Pods/Target Support Files/Pods-MackPool/Pods-MackPool-frameworks.sh\"\n";
			showEnvVarsInLog = 0;
		};
		AD585A003EFF45D82C60481E /* [CP] Check Pods Manifest.lock */ = {
			isa = PBXShellScriptBuildPhase;
			buildActionMask = 2147483647;
			files = (
			);
			inputPaths = (
			);
			name = "[CP] Check Pods Manifest.lock";
			outputPaths = (
			);
			runOnlyForDeploymentPostprocessing = 0;
			shellPath = /bin/sh;
			shellScript = "diff \"${PODS_PODFILE_DIR_PATH}/Podfile.lock\" \"${PODS_ROOT}/Manifest.lock\" > /dev/null\nif [ $? != 0 ] ; then\n    # print error to STDERR\n    echo \"error: The sandbox is not in sync with the Podfile.lock. Run 'pod install' or update your CocoaPods installation.\" >&2\n    exit 1\nfi\n";
			showEnvVarsInLog = 0;
		};
/* End PBXShellScriptBuildPhase section */

/* Begin PBXSourcesBuildPhase section */
		6577144F1EB139F6003AD62C /* Sources */ = {
			isa = PBXSourcesBuildPhase;
			buildActionMask = 2147483647;
			files = (
				652FB1291EBBD46A00DCF8C3 /* MapViewController.swift in Sources */,
				650E52981EB7DDB200A0D981 /* ViewController.swift in Sources */,
				5995686A1EBA49E9007CFB73 /* FirebaseController.swift in Sources */,
				65D157EE1EBFF89100EB8050 /* ProfileInfoTableViewController.swift in Sources */,
				65B7BB9E1EC113B900565C72 /* ContainerViewContollerViewController.swift in Sources */,
				599568701EBA8D6A007CFB73 /* CadatroViewController.swift in Sources */,
				656AF8A81EBE2B1E00D03E1E /* EmailMackenzistaViewController.swift in Sources */,
				59D6C3DE1EBED04B0016BC0F /* PoolTableViewCell.swift in Sources */,
				65D157F21EC0BA4A00EB8050 /* CreatePoolTableViewController.swift in Sources */,
				59AC1CED1EBBBB70005B1879 /* LoginViewController.swift in Sources */,
				657714571EB139F7003AD62C /* AppDelegate.swift in Sources */,
				5995686C1EBA4A11007CFB73 /* MeioTransporte.swift in Sources */,
				65D6EEBE1EBBE87B00658A2E /* ProfileViewController.swift in Sources */,
				599568671EBA4996007CFB73 /* Usuario.swift in Sources */,
				599568721EBA91AA007CFB73 /* Utils.swift in Sources */,
				65D157F01EBFFFA200EB8050 /* Functions.swift in Sources */,
				65D157EC1EBE7F9100EB8050 /* RegisterViewController.swift in Sources */,
				65DDC1BF1EBF53B600BEC347 /* FilterTableViewController.swift in Sources */,
				650E52921EB7B40C00A0D981 /* PageViewController.swift in Sources */,
				65D3A68E1EBBDB8100E4D390 /* MyPoolsTableViewController.swift in Sources */,
				590093591EC0CBA5005A2FAF /* JoinTableViewController.swift in Sources */,
				599568651EBA4996007CFB73 /* Group.swift in Sources */,
				65D157F41EC0BACD00EB8050 /* MeetingPointViewController.swift in Sources */,
				599568661EBA4996007CFB73 /* Rota.swift in Sources */,
				65D6EEC01EBC9BE900658A2E /* ForgotPasswordViewController.swift in Sources */,
				65419F351EBA58F10000B66B /* Customization.swift in Sources */,
				6515DAAA1EBB74A100CA28DD /* HomeTableViewController.swift in Sources */,
				59D6C3DC1EBEAF130016BC0F /* DetailsTableViewController.swift in Sources */,
				6515DAB31EBB9D1B00CA28DD /* Extensions.swift in Sources */,
			);
			runOnlyForDeploymentPostprocessing = 0;
		};
		657714631EB139F7003AD62C /* Sources */ = {
			isa = PBXSourcesBuildPhase;
			buildActionMask = 2147483647;
			files = (
				6577146C1EB139F7003AD62C /* MackPoolTests.swift in Sources */,
			);
			runOnlyForDeploymentPostprocessing = 0;
		};
		6577146E1EB139F7003AD62C /* Sources */ = {
			isa = PBXSourcesBuildPhase;
			buildActionMask = 2147483647;
			files = (
				657714771EB139F7003AD62C /* MackPoolUITests.swift in Sources */,
			);
			runOnlyForDeploymentPostprocessing = 0;
		};
/* End PBXSourcesBuildPhase section */

/* Begin PBXTargetDependency section */
		657714691EB139F7003AD62C /* PBXTargetDependency */ = {
			isa = PBXTargetDependency;
			target = 657714521EB139F6003AD62C /* MackPool */;
			targetProxy = 657714681EB139F7003AD62C /* PBXContainerItemProxy */;
		};
		657714741EB139F7003AD62C /* PBXTargetDependency */ = {
			isa = PBXTargetDependency;
			target = 657714521EB139F6003AD62C /* MackPool */;
			targetProxy = 657714731EB139F7003AD62C /* PBXContainerItemProxy */;
		};
/* End PBXTargetDependency section */

/* Begin PBXVariantGroup section */
		6577145A1EB139F7003AD62C /* Main.storyboard */ = {
			isa = PBXVariantGroup;
			children = (
				6577145B1EB139F7003AD62C /* Base */,
			);
			name = Main.storyboard;
			sourceTree = "<group>";
		};
		6577145F1EB139F7003AD62C /* LaunchScreen.storyboard */ = {
			isa = PBXVariantGroup;
			children = (
				657714601EB139F7003AD62C /* Base */,
			);
			name = LaunchScreen.storyboard;
			sourceTree = "<group>";
		};
/* End PBXVariantGroup section */

/* Begin XCBuildConfiguration section */
		657714791EB139F7003AD62C /* Debug */ = {
			isa = XCBuildConfiguration;
			buildSettings = {
				ALWAYS_SEARCH_USER_PATHS = NO;
				CLANG_ANALYZER_NONNULL = YES;
				CLANG_ANALYZER_NUMBER_OBJECT_CONVERSION = YES_AGGRESSIVE;
				CLANG_CXX_LANGUAGE_STANDARD = "gnu++0x";
				CLANG_CXX_LIBRARY = "libc++";
				CLANG_ENABLE_MODULES = YES;
				CLANG_ENABLE_OBJC_ARC = YES;
				CLANG_WARN_BOOL_CONVERSION = YES;
				CLANG_WARN_CONSTANT_CONVERSION = YES;
				CLANG_WARN_DIRECT_OBJC_ISA_USAGE = YES_ERROR;
				CLANG_WARN_DOCUMENTATION_COMMENTS = YES;
				CLANG_WARN_EMPTY_BODY = YES;
				CLANG_WARN_ENUM_CONVERSION = YES;
				CLANG_WARN_INFINITE_RECURSION = YES;
				CLANG_WARN_INT_CONVERSION = YES;
				CLANG_WARN_OBJC_ROOT_CLASS = YES_ERROR;
				CLANG_WARN_SUSPICIOUS_MOVE = YES;
				CLANG_WARN_UNREACHABLE_CODE = YES;
				CLANG_WARN__DUPLICATE_METHOD_MATCH = YES;
				"CODE_SIGN_IDENTITY[sdk=iphoneos*]" = "iPhone Developer";
				COPY_PHASE_STRIP = NO;
				DEBUG_INFORMATION_FORMAT = dwarf;
				ENABLE_STRICT_OBJC_MSGSEND = YES;
				ENABLE_TESTABILITY = YES;
				GCC_C_LANGUAGE_STANDARD = gnu99;
				GCC_DYNAMIC_NO_PIC = NO;
				GCC_NO_COMMON_BLOCKS = YES;
				GCC_OPTIMIZATION_LEVEL = 0;
				GCC_PREPROCESSOR_DEFINITIONS = (
					"DEBUG=1",
					"$(inherited)",
				);
				GCC_WARN_64_TO_32_BIT_CONVERSION = YES;
				GCC_WARN_ABOUT_RETURN_TYPE = YES_ERROR;
				GCC_WARN_UNDECLARED_SELECTOR = YES;
				GCC_WARN_UNINITIALIZED_AUTOS = YES_AGGRESSIVE;
				GCC_WARN_UNUSED_FUNCTION = YES;
				GCC_WARN_UNUSED_VARIABLE = YES;
				IPHONEOS_DEPLOYMENT_TARGET = 10.3;
				MTL_ENABLE_DEBUG_INFO = YES;
				ONLY_ACTIVE_ARCH = YES;
				SDKROOT = iphoneos;
				SWIFT_ACTIVE_COMPILATION_CONDITIONS = DEBUG;
				SWIFT_OPTIMIZATION_LEVEL = "-Onone";
			};
			name = Debug;
		};
		6577147A1EB139F7003AD62C /* Release */ = {
			isa = XCBuildConfiguration;
			buildSettings = {
				ALWAYS_SEARCH_USER_PATHS = NO;
				CLANG_ANALYZER_NONNULL = YES;
				CLANG_ANALYZER_NUMBER_OBJECT_CONVERSION = YES_AGGRESSIVE;
				CLANG_CXX_LANGUAGE_STANDARD = "gnu++0x";
				CLANG_CXX_LIBRARY = "libc++";
				CLANG_ENABLE_MODULES = YES;
				CLANG_ENABLE_OBJC_ARC = YES;
				CLANG_WARN_BOOL_CONVERSION = YES;
				CLANG_WARN_CONSTANT_CONVERSION = YES;
				CLANG_WARN_DIRECT_OBJC_ISA_USAGE = YES_ERROR;
				CLANG_WARN_DOCUMENTATION_COMMENTS = YES;
				CLANG_WARN_EMPTY_BODY = YES;
				CLANG_WARN_ENUM_CONVERSION = YES;
				CLANG_WARN_INFINITE_RECURSION = YES;
				CLANG_WARN_INT_CONVERSION = YES;
				CLANG_WARN_OBJC_ROOT_CLASS = YES_ERROR;
				CLANG_WARN_SUSPICIOUS_MOVE = YES;
				CLANG_WARN_UNREACHABLE_CODE = YES;
				CLANG_WARN__DUPLICATE_METHOD_MATCH = YES;
				"CODE_SIGN_IDENTITY[sdk=iphoneos*]" = "iPhone Developer";
				COPY_PHASE_STRIP = NO;
				DEBUG_INFORMATION_FORMAT = "dwarf-with-dsym";
				ENABLE_NS_ASSERTIONS = NO;
				ENABLE_STRICT_OBJC_MSGSEND = YES;
				GCC_C_LANGUAGE_STANDARD = gnu99;
				GCC_NO_COMMON_BLOCKS = YES;
				GCC_WARN_64_TO_32_BIT_CONVERSION = YES;
				GCC_WARN_ABOUT_RETURN_TYPE = YES_ERROR;
				GCC_WARN_UNDECLARED_SELECTOR = YES;
				GCC_WARN_UNINITIALIZED_AUTOS = YES_AGGRESSIVE;
				GCC_WARN_UNUSED_FUNCTION = YES;
				GCC_WARN_UNUSED_VARIABLE = YES;
				IPHONEOS_DEPLOYMENT_TARGET = 10.3;
				MTL_ENABLE_DEBUG_INFO = NO;
				SDKROOT = iphoneos;
				SWIFT_OPTIMIZATION_LEVEL = "-Owholemodule";
				VALIDATE_PRODUCT = YES;
			};
			name = Release;
		};
		6577147C1EB139F7003AD62C /* Debug */ = {
			isa = XCBuildConfiguration;
			baseConfigurationReference = FECBC8F5DC54462748EED90A /* Pods-MackPool.debug.xcconfig */;
			buildSettings = {
				ASSETCATALOG_COMPILER_APPICON_NAME = AppIcon;
				DEVELOPMENT_TEAM = 8G633XVRJD;
				INFOPLIST_FILE = MackPool/Info.plist;
				LD_RUNPATH_SEARCH_PATHS = "$(inherited) @executable_path/Frameworks";
				PRODUCT_BUNDLE_IDENTIFIER = MackMobile.MackPool;
				PRODUCT_NAME = "$(TARGET_NAME)";
				SWIFT_VERSION = 3.0;
			};
			name = Debug;
		};
		6577147D1EB139F7003AD62C /* Release */ = {
			isa = XCBuildConfiguration;
			baseConfigurationReference = 3DA51E83F665A40C8A0C616E /* Pods-MackPool.release.xcconfig */;
			buildSettings = {
				ASSETCATALOG_COMPILER_APPICON_NAME = AppIcon;
				DEVELOPMENT_TEAM = 8G633XVRJD;
				INFOPLIST_FILE = MackPool/Info.plist;
				LD_RUNPATH_SEARCH_PATHS = "$(inherited) @executable_path/Frameworks";
				PRODUCT_BUNDLE_IDENTIFIER = MackMobile.MackPool;
				PRODUCT_NAME = "$(TARGET_NAME)";
				SWIFT_VERSION = 3.0;
			};
			name = Release;
		};
		6577147F1EB139F7003AD62C /* Debug */ = {
			isa = XCBuildConfiguration;
			buildSettings = {
				ALWAYS_EMBED_SWIFT_STANDARD_LIBRARIES = YES;
				BUNDLE_LOADER = "$(TEST_HOST)";
				DEVELOPMENT_TEAM = 8Q8A65W24Q;
				INFOPLIST_FILE = MackPoolTests/Info.plist;
				LD_RUNPATH_SEARCH_PATHS = "$(inherited) @executable_path/Frameworks @loader_path/Frameworks";
				PRODUCT_BUNDLE_IDENTIFIER = MackMobile.MackPoolTests;
				PRODUCT_NAME = "$(TARGET_NAME)";
				SWIFT_VERSION = 3.0;
				TEST_HOST = "$(BUILT_PRODUCTS_DIR)/MackPool.app/MackPool";
			};
			name = Debug;
		};
		657714801EB139F7003AD62C /* Release */ = {
			isa = XCBuildConfiguration;
			buildSettings = {
				ALWAYS_EMBED_SWIFT_STANDARD_LIBRARIES = YES;
				BUNDLE_LOADER = "$(TEST_HOST)";
				DEVELOPMENT_TEAM = 8Q8A65W24Q;
				INFOPLIST_FILE = MackPoolTests/Info.plist;
				LD_RUNPATH_SEARCH_PATHS = "$(inherited) @executable_path/Frameworks @loader_path/Frameworks";
				PRODUCT_BUNDLE_IDENTIFIER = MackMobile.MackPoolTests;
				PRODUCT_NAME = "$(TARGET_NAME)";
				SWIFT_VERSION = 3.0;
				TEST_HOST = "$(BUILT_PRODUCTS_DIR)/MackPool.app/MackPool";
			};
			name = Release;
		};
		657714821EB139F7003AD62C /* Debug */ = {
			isa = XCBuildConfiguration;
			buildSettings = {
				ALWAYS_EMBED_SWIFT_STANDARD_LIBRARIES = YES;
				DEVELOPMENT_TEAM = 8Q8A65W24Q;
				INFOPLIST_FILE = MackPoolUITests/Info.plist;
				LD_RUNPATH_SEARCH_PATHS = "$(inherited) @executable_path/Frameworks @loader_path/Frameworks";
				PRODUCT_BUNDLE_IDENTIFIER = MackMobile.MackPoolUITests;
				PRODUCT_NAME = "$(TARGET_NAME)";
				SWIFT_VERSION = 3.0;
				TEST_TARGET_NAME = MackPool;
			};
			name = Debug;
		};
		657714831EB139F7003AD62C /* Release */ = {
			isa = XCBuildConfiguration;
			buildSettings = {
				ALWAYS_EMBED_SWIFT_STANDARD_LIBRARIES = YES;
				DEVELOPMENT_TEAM = 8Q8A65W24Q;
				INFOPLIST_FILE = MackPoolUITests/Info.plist;
				LD_RUNPATH_SEARCH_PATHS = "$(inherited) @executable_path/Frameworks @loader_path/Frameworks";
				PRODUCT_BUNDLE_IDENTIFIER = MackMobile.MackPoolUITests;
				PRODUCT_NAME = "$(TARGET_NAME)";
				SWIFT_VERSION = 3.0;
				TEST_TARGET_NAME = MackPool;
			};
			name = Release;
		};
/* End XCBuildConfiguration section */

/* Begin XCConfigurationList section */
		6577144E1EB139F6003AD62C /* Build configuration list for PBXProject "MackPool" */ = {
			isa = XCConfigurationList;
			buildConfigurations = (
				657714791EB139F7003AD62C /* Debug */,
				6577147A1EB139F7003AD62C /* Release */,
			);
			defaultConfigurationIsVisible = 0;
			defaultConfigurationName = Release;
		};
		6577147B1EB139F7003AD62C /* Build configuration list for PBXNativeTarget "MackPool" */ = {
			isa = XCConfigurationList;
			buildConfigurations = (
				6577147C1EB139F7003AD62C /* Debug */,
				6577147D1EB139F7003AD62C /* Release */,
			);
			defaultConfigurationIsVisible = 0;
			defaultConfigurationName = Release;
		};
		6577147E1EB139F7003AD62C /* Build configuration list for PBXNativeTarget "MackPoolTests" */ = {
			isa = XCConfigurationList;
			buildConfigurations = (
				6577147F1EB139F7003AD62C /* Debug */,
				657714801EB139F7003AD62C /* Release */,
			);
			defaultConfigurationIsVisible = 0;
			defaultConfigurationName = Release;
		};
		657714811EB139F7003AD62C /* Build configuration list for PBXNativeTarget "MackPoolUITests" */ = {
			isa = XCConfigurationList;
			buildConfigurations = (
				657714821EB139F7003AD62C /* Debug */,
				657714831EB139F7003AD62C /* Release */,
			);
			defaultConfigurationIsVisible = 0;
			defaultConfigurationName = Release;
		};
/* End XCConfigurationList section */
	};
	rootObject = 6577144B1EB139F6003AD62C /* Project object */;
}
